
Microsoft Visual Studio Solution File, Format Version 12.00
# Visual Studio Version 16
VisualStudioVersion = 16.0.31005.135
MinimumVisualStudioVersion = 10.0.40219.1
Project("{9A19103F-16F7-4668-BE54-9A1E7A4F7556}") = "ConvertIntegerToBinary", "ConvertIntegerToBinary\ConvertIntegerToBinary.csproj", "{87DE1D5A-9176-4E83-997F-DDD6883CED5F}"
EndProject
Project("{2150E333-8FDC-42A3-9474-1A3956D46DE8}") = "Solution Items", "Solution Items", "{53628765-83E3-43CD-A605-4989A9940487}"
	ProjectSection(SolutionItems) = preProject
		ReadMe.txt = ReadMe.txt
	EndProjectSection
EndProject
Project("{FAE04EC0-301F-11D3-BF4B-00C04F79EFBC}") = "XUnitTestProject1", "XUnitTestProject1\XUnitTestProject1.csproj", "{9CDA3D49-C319-4F5E-83E0-1C06C61FA4B0}"
EndProject
Global
	GlobalSection(SolutionConfigurationPlatforms) = preSolution
		Debug|Any CPU = Debug|Any CPU
		Release|Any CPU = Release|Any CPU
	EndGlobalSection
	GlobalSection(ProjectConfigurationPlatforms) = postSolution
		{87DE1D5A-9176-4E83-997F-DDD6883CED5F}.Debug|Any CPU.ActiveCfg = Debug|Any CPU
		{87DE1D5A-9176-4E83-997F-DDD6883CED5F}.Debug|Any CPU.Build.0 = Debug|Any CPU
		{87DE1D5A-9176-4E83-997F-DDD6883CED5F}.Release|Any CPU.ActiveCfg = Release|Any CPU
		{87DE1D5A-9176-4E83-997F-DDD6883CED5F}.Release|Any CPU.Build.0 = Release|Any CPU
		{9CDA3D49-C319-4F5E-83E0-1C06C61FA4B0}.Debug|Any CPU.ActiveCfg = Debug|Any CPU
		{9CDA3D49-C319-4F5E-83E0-1C06C61FA4B0}.Debug|Any CPU.Build.0 = Debug|Any CPU
		{9CDA3D49-C319-4F5E-83E0-1C06C61FA4B0}.Release|Any CPU.ActiveCfg = Release|Any CPU
		{9CDA3D49-C319-4F5E-83E0-1C06C61FA4B0}.Release|Any CPU.Build.0 = Release|Any CPU
	EndGlobalSection
	GlobalSection(SolutionProperties) = preSolution
		HideSolutionNode = FALSE
	EndGlobalSection
	GlobalSection(ExtensibilityGlobals) = postSolution
		SolutionGuid = {01DC9D6F-6B1F-4B07-952B-E10BDDD94E9A}
	EndGlobalSection
EndGlobal
